
Microsoft Visual Studio Solution File, Format Version 12.00
# Visual Studio Version 17
VisualStudioVersion = 17.14.36301.6
MinimumVisualStudioVersion = 10.0.40219.1
Project("{FAE04EC0-301F-11D3-BF4B-00C04F79EFBC}") = "TManagementOrders.API", "TManagementOrders.API\TManagementOrders.API.csproj", "{5B139568-37A4-4B45-894D-D1B12F2C8CB1}"
EndProject
Project("{FAE04EC0-301F-11D3-BF4B-00C04F79EFBC}") = "TManagementOrders.Application", "TManagementOrders.Application\TManagementOrders.Application.csproj", "{5004DE29-FC2B-4B90-B76F-D9BB246944E8}"
EndProject
Project("{FAE04EC0-301F-11D3-BF4B-00C04F79EFBC}") = "TManagementOrders.Domain", "TManagementOrders.Domain\TManagementOrders.Domain.csproj", "{3D183CF6-1BF4-41B0-9DCA-2AD5AD3AD8A5}"
EndProject
Project("{FAE04EC0-301F-11D3-BF4B-00C04F79EFBC}") = "TManagementOrders.Infrastructure", "TManagementOrders.Infrastructure\TManagementOrders.Infrastructure.csproj", "{4F49758A-838D-4F24-A276-E227A5545B70}"
EndProject
Project("{00D1A9C2-B5F0-4AF3-8072-F6C62B433612}") = "TManagementOrders.SQL", "TManagementOrders.SQL\TManagementOrders.SQL.sqlproj", "{236CD69F-7B01-4840-84E5-FA4FCF032A9E}"
EndProject
Global
	GlobalSection(SolutionConfigurationPlatforms) = preSolution
		Debug|Any CPU = Debug|Any CPU
		Release|Any CPU = Release|Any CPU
	EndGlobalSection
	GlobalSection(ProjectConfigurationPlatforms) = postSolution
		{5B139568-37A4-4B45-894D-D1B12F2C8CB1}.Debug|Any CPU.ActiveCfg = Debug|Any CPU
		{5B139568-37A4-4B45-894D-D1B12F2C8CB1}.Debug|Any CPU.Build.0 = Debug|Any CPU
		{5B139568-37A4-4B45-894D-D1B12F2C8CB1}.Release|Any CPU.ActiveCfg = Release|Any CPU
		{5B139568-37A4-4B45-894D-D1B12F2C8CB1}.Release|Any CPU.Build.0 = Release|Any CPU
		{5004DE29-FC2B-4B90-B76F-D9BB246944E8}.Debug|Any CPU.ActiveCfg = Debug|Any CPU
		{5004DE29-FC2B-4B90-B76F-D9BB246944E8}.Debug|Any CPU.Build.0 = Debug|Any CPU
		{5004DE29-FC2B-4B90-B76F-D9BB246944E8}.Release|Any CPU.ActiveCfg = Release|Any CPU
		{5004DE29-FC2B-4B90-B76F-D9BB246944E8}.Release|Any CPU.Build.0 = Release|Any CPU
		{3D183CF6-1BF4-41B0-9DCA-2AD5AD3AD8A5}.Debug|Any CPU.ActiveCfg = Debug|Any CPU
		{3D183CF6-1BF4-41B0-9DCA-2AD5AD3AD8A5}.Debug|Any CPU.Build.0 = Debug|Any CPU
		{3D183CF6-1BF4-41B0-9DCA-2AD5AD3AD8A5}.Release|Any CPU.ActiveCfg = Release|Any CPU
		{3D183CF6-1BF4-41B0-9DCA-2AD5AD3AD8A5}.Release|Any CPU.Build.0 = Release|Any CPU
		{4F49758A-838D-4F24-A276-E227A5545B70}.Debug|Any CPU.ActiveCfg = Debug|Any CPU
		{4F49758A-838D-4F24-A276-E227A5545B70}.Debug|Any CPU.Build.0 = Debug|Any CPU
		{4F49758A-838D-4F24-A276-E227A5545B70}.Release|Any CPU.ActiveCfg = Release|Any CPU
		{4F49758A-838D-4F24-A276-E227A5545B70}.Release|Any CPU.Build.0 = Release|Any CPU
		{236CD69F-7B01-4840-84E5-FA4FCF032A9E}.Debug|Any CPU.ActiveCfg = Debug|Any CPU
		{236CD69F-7B01-4840-84E5-FA4FCF032A9E}.Debug|Any CPU.Build.0 = Debug|Any CPU
		{236CD69F-7B01-4840-84E5-FA4FCF032A9E}.Debug|Any CPU.Deploy.0 = Debug|Any CPU
		{236CD69F-7B01-4840-84E5-FA4FCF032A9E}.Release|Any CPU.ActiveCfg = Release|Any CPU
		{236CD69F-7B01-4840-84E5-FA4FCF032A9E}.Release|Any CPU.Build.0 = Release|Any CPU
		{236CD69F-7B01-4840-84E5-FA4FCF032A9E}.Release|Any CPU.Deploy.0 = Release|Any CPU
	EndGlobalSection
	GlobalSection(SolutionProperties) = preSolution
		HideSolutionNode = FALSE
	EndGlobalSection
	GlobalSection(ExtensibilityGlobals) = postSolution
		SolutionGuid = {1FB3710E-789B-429E-A943-6C806E129552}
	EndGlobalSection
EndGlobal
